
Microsoft Visual Studio Solution File, Format Version 12.00
# Visual Studio 2013
VisualStudioVersion = 12.0.21005.1
MinimumVisualStudioVersion = 10.0.40219.1
Project("{8BC9CEB8-8B4A-11D0-8D11-00A0C91BC942}") = "DocEditHelper", "DocEditHelper.vcxproj", "{885E919F-8C2F-4707-BCC8-81DF7DD26D5F}"
	ProjectSection(ProjectDependencies) = postProject
		{DA6F56B4-06A4-441D-AD70-AC5A7D51FADB} = {DA6F56B4-06A4-441D-AD70-AC5A7D51FADB}
	EndProjectSection
EndProject
Project("{8BC9CEB8-8B4A-11D0-8D11-00A0C91BC942}") = "libcurl", "curl-7.50.3\libcurl.vcxproj", "{DA6F56B4-06A4-441D-AD70-AC5A7D51FADB}"
EndProject
Global
	GlobalSection(SolutionConfigurationPlatforms) = preSolution
		Debug|Default = Debug|Default
		Debug|x64 = Debug|x64
		Debug|x86 = Debug|x86
		Release|Default = Release|Default
		Release|x64 = Release|x64
		Release|x86 = Release|x86
	EndGlobalSection
	GlobalSection(ProjectConfigurationPlatforms) = postSolution
		{885E919F-8C2F-4707-BCC8-81DF7DD26D5F}.Debug|Default.ActiveCfg = Debug|Win32
		{885E919F-8C2F-4707-BCC8-81DF7DD26D5F}.Debug|x64.ActiveCfg = Debug|Win32
		{885E919F-8C2F-4707-BCC8-81DF7DD26D5F}.Debug|x86.ActiveCfg = Debug|Win32
		{885E919F-8C2F-4707-BCC8-81DF7DD26D5F}.Release|Default.ActiveCfg = Debug|Win32
		{885E919F-8C2F-4707-BCC8-81DF7DD26D5F}.Release|x64.ActiveCfg = Debug|Win32
		{885E919F-8C2F-4707-BCC8-81DF7DD26D5F}.Release|x86.ActiveCfg = Debug|Win32
		{DA6F56B4-06A4-441D-AD70-AC5A7D51FADB}.Debug|Default.ActiveCfg = Debug|Win32
		{DA6F56B4-06A4-441D-AD70-AC5A7D51FADB}.Debug|x64.ActiveCfg = Debug|Win32
		{DA6F56B4-06A4-441D-AD70-AC5A7D51FADB}.Debug|x86.ActiveCfg = Debug|Win32
		{DA6F56B4-06A4-441D-AD70-AC5A7D51FADB}.Release|Default.ActiveCfg = Debug|Win32
		{DA6F56B4-06A4-441D-AD70-AC5A7D51FADB}.Release|x64.ActiveCfg = Debug|Win32
		{DA6F56B4-06A4-441D-AD70-AC5A7D51FADB}.Release|x86.ActiveCfg = Debug|Win32
	EndGlobalSection
	GlobalSection(SolutionProperties) = preSolution
		HideSolutionNode = FALSE
	EndGlobalSection
	GlobalSection(SolutionConfigurationPlatforms) = preSolution
		Debug|Default = Debug|Default
		Debug|x64 = Debug|x64
		Debug|x86 = Debug|x86
	EndGlobalSection
	GlobalSection(SolutionConfigurationPlatforms) = preSolution
		Debug|Default = Debug|Default
		Debug|x64 = Debug|x64
		Release|Default = Release|Default
		Release|x64 = Release|x64
	EndGlobalSection
	GlobalSection(SolutionConfigurationPlatforms) = preSolution
		Debug|x64 = Debug|x64
		Debug|x86 = Debug|x86
		Release|x64 = Release|x64
		Release|x86 = Release|x86
	EndGlobalSection
EndGlobal
